
Microsoft Visual Studio Solution File, Format Version 12.00
# Visual Studio 15
VisualStudioVersion = 15.0.28307.168
MinimumVisualStudioVersion = 10.0.40219.1
Project("{FAE04EC0-301F-11D3-BF4B-00C04F79EFBC}") = "Task2", "Task2\Task2.csproj", "{B2E935B4-00FA-4D3A-8F08-2C3DA063F5F8}"
EndProject
Global
	GlobalSection(SolutionConfigurationPlatforms) = preSolution
		Debug|Any CPU = Debug|Any CPU
		Release|Any CPU = Release|Any CPU
	EndGlobalSection
	GlobalSection(ProjectConfigurationPlatforms) = postSolution
		{B2E935B4-00FA-4D3A-8F08-2C3DA063F5F8}.Debug|Any CPU.ActiveCfg = Debug|Any CPU
		{B2E935B4-00FA-4D3A-8F08-2C3DA063F5F8}.Debug|Any CPU.Build.0 = Debug|Any CPU
		{B2E935B4-00FA-4D3A-8F08-2C3DA063F5F8}.Release|Any CPU.ActiveCfg = Release|Any CPU
		{B2E935B4-00FA-4D3A-8F08-2C3DA063F5F8}.Release|Any CPU.Build.0 = Release|Any CPU
	EndGlobalSection
	GlobalSection(SolutionProperties) = preSolution
		HideSolutionNode = FALSE
	EndGlobalSection
	GlobalSection(ExtensibilityGlobals) = postSolution
		SolutionGuid = {21ECC2FE-B253-4D40-A3DA-237C1401408A}
	EndGlobalSection
EndGlobal
