
Microsoft Visual Studio Solution File, Format Version 12.00
# Visual Studio 15
VisualStudioVersion = 15.0.28307.168
MinimumVisualStudioVersion = 10.0.40219.1
Project("{FAE04EC0-301F-11D3-BF4B-00C04F79EFBC}") = "Task1", "Task1\Task1.csproj", "{88A41FDF-8569-41ED-A7E2-2B9DDE83CC19}"
EndProject
Global
	GlobalSection(SolutionConfigurationPlatforms) = preSolution
		Debug|Any CPU = Debug|Any CPU
		Release|Any CPU = Release|Any CPU
	EndGlobalSection
	GlobalSection(ProjectConfigurationPlatforms) = postSolution
		{88A41FDF-8569-41ED-A7E2-2B9DDE83CC19}.Debug|Any CPU.ActiveCfg = Debug|Any CPU
		{88A41FDF-8569-41ED-A7E2-2B9DDE83CC19}.Debug|Any CPU.Build.0 = Debug|Any CPU
		{88A41FDF-8569-41ED-A7E2-2B9DDE83CC19}.Release|Any CPU.ActiveCfg = Release|Any CPU
		{88A41FDF-8569-41ED-A7E2-2B9DDE83CC19}.Release|Any CPU.Build.0 = Release|Any CPU
	EndGlobalSection
	GlobalSection(SolutionProperties) = preSolution
		HideSolutionNode = FALSE
	EndGlobalSection
	GlobalSection(ExtensibilityGlobals) = postSolution
		SolutionGuid = {05B13044-15A5-4559-888C-0F5953E115C8}
	EndGlobalSection
EndGlobal
