
Microsoft Visual Studio Solution File, Format Version 12.00
# Visual Studio 15
VisualStudioVersion = 15.0.28307.168
MinimumVisualStudioVersion = 10.0.40219.1
Project("{FAE04EC0-301F-11D3-BF4B-00C04F79EFBC}") = "Task4", "Task4\Task4.csproj", "{CF75C791-740E-4284-8864-914FEB09187C}"
EndProject
Global
	GlobalSection(SolutionConfigurationPlatforms) = preSolution
		Debug|Any CPU = Debug|Any CPU
		Release|Any CPU = Release|Any CPU
	EndGlobalSection
	GlobalSection(ProjectConfigurationPlatforms) = postSolution
		{CF75C791-740E-4284-8864-914FEB09187C}.Debug|Any CPU.ActiveCfg = Debug|Any CPU
		{CF75C791-740E-4284-8864-914FEB09187C}.Debug|Any CPU.Build.0 = Debug|Any CPU
		{CF75C791-740E-4284-8864-914FEB09187C}.Release|Any CPU.ActiveCfg = Release|Any CPU
		{CF75C791-740E-4284-8864-914FEB09187C}.Release|Any CPU.Build.0 = Release|Any CPU
	EndGlobalSection
	GlobalSection(SolutionProperties) = preSolution
		HideSolutionNode = FALSE
	EndGlobalSection
	GlobalSection(ExtensibilityGlobals) = postSolution
		SolutionGuid = {22AA1EA7-9B67-4BCB-8770-FF70DE932012}
	EndGlobalSection
EndGlobal
