
Microsoft Visual Studio Solution File, Format Version 12.00
# Visual Studio 15
VisualStudioVersion = 15.0.28307.168
MinimumVisualStudioVersion = 10.0.40219.1
Project("{FAE04EC0-301F-11D3-BF4B-00C04F79EFBC}") = "Task4", "Task4\Task4.csproj", "{737DA544-4849-496B-91EA-4BA10E5E69DB}"
EndProject
Global
	GlobalSection(SolutionConfigurationPlatforms) = preSolution
		Debug|Any CPU = Debug|Any CPU
		Release|Any CPU = Release|Any CPU
	EndGlobalSection
	GlobalSection(ProjectConfigurationPlatforms) = postSolution
		{737DA544-4849-496B-91EA-4BA10E5E69DB}.Debug|Any CPU.ActiveCfg = Debug|Any CPU
		{737DA544-4849-496B-91EA-4BA10E5E69DB}.Debug|Any CPU.Build.0 = Debug|Any CPU
		{737DA544-4849-496B-91EA-4BA10E5E69DB}.Release|Any CPU.ActiveCfg = Release|Any CPU
		{737DA544-4849-496B-91EA-4BA10E5E69DB}.Release|Any CPU.Build.0 = Release|Any CPU
	EndGlobalSection
	GlobalSection(SolutionProperties) = preSolution
		HideSolutionNode = FALSE
	EndGlobalSection
	GlobalSection(ExtensibilityGlobals) = postSolution
		SolutionGuid = {DEA0AB92-5D04-4D09-90EE-ECD2B10198EA}
	EndGlobalSection
EndGlobal
